// !$*UTF8*$!
{
	archiveVersion = 1;
	classes = {
	};
	objectVersion = 56;
	objects = {

/* Begin PBXBuildFile section */
		CC0BE90A2A93E90500E29099 /* DIRawStarterApp.swift in Sources */ = {isa = PBXBuildFile; fileRef = CC0BE9092A93E90500E29099 /* DIRawStarterApp.swift */; };
		CC0BE90C2A93E90500E29099 /* ContentView.swift in Sources */ = {isa = PBXBuildFile; fileRef = CC0BE90B2A93E90500E29099 /* ContentView.swift */; };
		CC0BE90E2A93E90A00E29099 /* Assets.xcassets in Resources */ = {isa = PBXBuildFile; fileRef = CC0BE90D2A93E90A00E29099 /* Assets.xcassets */; };
		CC0BE9112A93E90A00E29099 /* Preview Assets.xcassets in Resources */ = {isa = PBXBuildFile; fileRef = CC0BE9102A93E90A00E29099 /* Preview Assets.xcassets */; };
		CC0BE91B2A93E90A00E29099 /* DIRawStarterTests.swift in Sources */ = {isa = PBXBuildFile; fileRef = CC0BE91A2A93E90A00E29099 /* DIRawStarterTests.swift */; };
		CC0BE9252A93E90A00E29099 /* DIRawStarterUITests.swift in Sources */ = {isa = PBXBuildFile; fileRef = CC0BE9242A93E90A00E29099 /* DIRawStarterUITests.swift */; };
		CC0BE9272A93E90A00E29099 /* DIRawStarterUITestsLaunchTests.swift in Sources */ = {isa = PBXBuildFile; fileRef = CC0BE9262A93E90A00E29099 /* DIRawStarterUITestsLaunchTests.swift */; };
/* End PBXBuildFile section */

/* Begin PBXContainerItemProxy section */
		CC0BE9172A93E90A00E29099 /* PBXContainerItemProxy */ = {
			isa = PBXContainerItemProxy;
			containerPortal = CC0BE8FE2A93E90500E29099 /* Project object */;
			proxyType = 1;
			remoteGlobalIDString = CC0BE9052A93E90500E29099;
			remoteInfo = DIRawStarter;
		};
		CC0BE9212A93E90A00E29099 /* PBXContainerItemProxy */ = {
			isa = PBXContainerItemProxy;
			containerPortal = CC0BE8FE2A93E90500E29099 /* Project object */;
			proxyType = 1;
			remoteGlobalIDString = CC0BE9052A93E90500E29099;
			remoteInfo = DIRawStarter;
		};
/* End PBXContainerItemProxy section */

/* Begin PBXFileReference section */
		CC0BE9062A93E90500E29099 /* DIRawStarter.app */ = {isa = PBXFileReference; explicitFileType = wrapper.application; includeInIndex = 0; path = DIRawStarter.app; sourceTree = BUILT_PRODUCTS_DIR; };
		CC0BE9092A93E90500E29099 /* DIRawStarterApp.swift */ = {isa = PBXFileReference; lastKnownFileType = sourcecode.swift; path = DIRawStarterApp.swift; sourceTree = "<group>"; };
		CC0BE90B2A93E90500E29099 /* ContentView.swift */ = {isa = PBXFileReference; lastKnownFileType = sourcecode.swift; path = ContentView.swift; sourceTree = "<group>"; };
		CC0BE90D2A93E90A00E29099 /* Assets.xcassets */ = {isa = PBXFileReference; lastKnownFileType = folder.assetcatalog; path = Assets.xcassets; sourceTree = "<group>"; };
		CC0BE9102A93E90A00E29099 /* Preview Assets.xcassets */ = {isa = PBXFileReference; lastKnownFileType = folder.assetcatalog; path = "Preview Assets.xcassets"; sourceTree = "<group>"; };
		CC0BE9162A93E90A00E29099 /* DIRawStarterTests.xctest */ = {isa = PBXFileReference; explicitFileType = wrapper.cfbundle; includeInIndex = 0; path = DIRawStarterTests.xctest; sourceTree = BUILT_PRODUCTS_DIR; };
		CC0BE91A2A93E90A00E29099 /* DIRawStarterTests.swift */ = {isa = PBXFileReference; lastKnownFileType = sourcecode.swift; path = DIRawStarterTests.swift; sourceTree = "<group>"; };
		CC0BE9202A93E90A00E29099 /* DIRawStarterUITests.xctest */ = {isa = PBXFileReference; explicitFileType = wrapper.cfbundle; includeInIndex = 0; path = DIRawStarterUITests.xctest; sourceTree = BUILT_PRODUCTS_DIR; };
		CC0BE9242A93E90A00E29099 /* DIRawStarterUITests.swift */ = {isa = PBXFileReference; lastKnownFileType = sourcecode.swift; path = DIRawStarterUITests.swift; sourceTree = "<group>"; };
		CC0BE9262A93E90A00E29099 /* DIRawStarterUITestsLaunchTests.swift */ = {isa = PBXFileReference; lastKnownFileType = sourcecode.swift; path = DIRawStarterUITestsLaunchTests.swift; sourceTree = "<group>"; };
/* End PBXFileReference section */

/* Begin PBXFrameworksBuildPhase section */
		CC0BE9032A93E90500E29099 /* Frameworks */ = {
			isa = PBXFrameworksBuildPhase;
			buildActionMask = 2147483647;
			files = (
			);
			runOnlyForDeploymentPostprocessing = 0;
		};
		CC0BE9132A93E90A00E29099 /* Frameworks */ = {
			isa = PBXFrameworksBuildPhase;
			buildActionMask = 2147483647;
			files = (
			);
			runOnlyForDeploymentPostprocessing = 0;
		};
		CC0BE91D2A93E90A00E29099 /* Frameworks */ = {
			isa = PBXFrameworksBuildPhase;
			buildActionMask = 2147483647;
			files = (
			);
			runOnlyForDeploymentPostprocessing = 0;
		};
/* End PBXFrameworksBuildPhase section */

/* Begin PBXGroup section */
		CC0BE8FD2A93E90500E29099 = {
			isa = PBXGroup;
			children = (
				CC0BE9082A93E90500E29099 /* DIRawStarter */,
				CC0BE9192A93E90A00E29099 /* DIRawStarterTests */,
				CC0BE9232A93E90A00E29099 /* DIRawStarterUITests */,
				CC0BE9072A93E90500E29099 /* Products */,
			);
			sourceTree = "<group>";
		};
		CC0BE9072A93E90500E29099 /* Products */ = {
			isa = PBXGroup;
			children = (
				CC0BE9062A93E90500E29099 /* DIRawStarter.app */,
				CC0BE9162A93E90A00E29099 /* DIRawStarterTests.xctest */,
				CC0BE9202A93E90A00E29099 /* DIRawStarterUITests.xctest */,
			);
			name = Products;
			sourceTree = "<group>";
		};
		CC0BE9082A93E90500E29099 /* DIRawStarter */ = {
			isa = PBXGroup;
			children = (
				CC0BE9092A93E90500E29099 /* DIRawStarterApp.swift */,
				CC0BE90B2A93E90500E29099 /* ContentView.swift */,
				CC0BE90D2A93E90A00E29099 /* Assets.xcassets */,
				CC0BE90F2A93E90A00E29099 /* Preview Content */,
			);
			path = DIRawStarter;
			sourceTree = "<group>";
		};
		CC0BE90F2A93E90A00E29099 /* Preview Content */ = {
			isa = PBXGroup;
			children = (
				CC0BE9102A93E90A00E29099 /* Preview Assets.xcassets */,
			);
			path = "Preview Content";
			sourceTree = "<group>";
		};
		CC0BE9192A93E90A00E29099 /* DIRawStarterTests */ = {
			isa = PBXGroup;
			children = (
				CC0BE91A2A93E90A00E29099 /* DIRawStarterTests.swift */,
			);
			path = DIRawStarterTests;
			sourceTree = "<group>";
		};
		CC0BE9232A93E90A00E29099 /* DIRawStarterUITests */ = {
			isa = PBXGroup;
			children = (
				CC0BE9242A93E90A00E29099 /* DIRawStarterUITests.swift */,
				CC0BE9262A93E90A00E29099 /* DIRawStarterUITestsLaunchTests.swift */,
			);
			path = DIRawStarterUITests;
			sourceTree = "<group>";
		};
/* End PBXGroup section */

/* Begin PBXNativeTarget section */
		CC0BE9052A93E90500E29099 /* DIRawStarter */ = {
			isa = PBXNativeTarget;
			buildConfigurationList = CC0BE92A2A93E90A00E29099 /* Build configuration list for PBXNativeTarget "DIRawStarter" */;
			buildPhases = (
				CC0BE9022A93E90500E29099 /* Sources */,
				CC0BE9032A93E90500E29099 /* Frameworks */,
				CC0BE9042A93E90500E29099 /* Resources */,
			);
			buildRules = (
			);
			dependencies = (
			);
			name = DIRawStarter;
			productName = DIRawStarter;
			productReference = CC0BE9062A93E90500E29099 /* DIRawStarter.app */;
			productType = "com.apple.product-type.application";
		};
		CC0BE9152A93E90A00E29099 /* DIRawStarterTests */ = {
			isa = PBXNativeTarget;
			buildConfigurationList = CC0BE92D2A93E90A00E29099 /* Build configuration list for PBXNativeTarget "DIRawStarterTests" */;
			buildPhases = (
				CC0BE9122A93E90A00E29099 /* Sources */,
				CC0BE9132A93E90A00E29099 /* Frameworks */,
				CC0BE9142A93E90A00E29099 /* Resources */,
			);
			buildRules = (
			);
			dependencies = (
				CC0BE9182A93E90A00E29099 /* PBXTargetDependency */,
			);
			name = DIRawStarterTests;
			productName = DIRawStarterTests;
			productReference = CC0BE9162A93E90A00E29099 /* DIRawStarterTests.xctest */;
			productType = "com.apple.product-type.bundle.unit-test";
		};
		CC0BE91F2A93E90A00E29099 /* DIRawStarterUITests */ = {
			isa = PBXNativeTarget;
			buildConfigurationList = CC0BE9302A93E90A00E29099 /* Build configuration list for PBXNativeTarget "DIRawStarterUITests" */;
			buildPhases = (
				CC0BE91C2A93E90A00E29099 /* Sources */,
				CC0BE91D2A93E90A00E29099 /* Frameworks */,
				CC0BE91E2A93E90A00E29099 /* Resources */,
			);
			buildRules = (
			);
			dependencies = (
				CC0BE9222A93E90A00E29099 /* PBXTargetDependency */,
			);
			name = DIRawStarterUITests;
			productName = DIRawStarterUITests;
			productReference = CC0BE9202A93E90A00E29099 /* DIRawStarterUITests.xctest */;
			productType = "com.apple.product-type.bundle.ui-testing";
		};
/* End PBXNativeTarget section */

/* Begin PBXProject section */
		CC0BE8FE2A93E90500E29099 /* Project object */ = {
			isa = PBXProject;
			attributes = {
				BuildIndependentTargetsInParallel = 1;
				LastSwiftUpdateCheck = 1500;
				LastUpgradeCheck = 1500;
				TargetAttributes = {
					CC0BE9052A93E90500E29099 = {
						CreatedOnToolsVersion = 15.0;
					};
					CC0BE9152A93E90A00E29099 = {
						CreatedOnToolsVersion = 15.0;
						TestTargetID = CC0BE9052A93E90500E29099;
					};
					CC0BE91F2A93E90A00E29099 = {
						CreatedOnToolsVersion = 15.0;
						TestTargetID = CC0BE9052A93E90500E29099;
					};
				};
			};
			buildConfigurationList = CC0BE9012A93E90500E29099 /* Build configuration list for PBXProject "DIRawStarter" */;
			compatibilityVersion = "Xcode 14.0";
			developmentRegion = en;
			hasScannedForEncodings = 0;
			knownRegions = (
				en,
				Base,
			);
			mainGroup = CC0BE8FD2A93E90500E29099;
			productRefGroup = CC0BE9072A93E90500E29099 /* Products */;
			projectDirPath = "";
			projectRoot = "";
			targets = (
				CC0BE9052A93E90500E29099 /* DIRawStarter */,
				CC0BE9152A93E90A00E29099 /* DIRawStarterTests */,
				CC0BE91F2A93E90A00E29099 /* DIRawStarterUITests */,
			);
		};
/* End PBXProject section */

/* Begin PBXResourcesBuildPhase section */
		CC0BE9042A93E90500E29099 /* Resources */ = {
			isa = PBXResourcesBuildPhase;
			buildActionMask = 2147483647;
			files = (
				CC0BE9112A93E90A00E29099 /* Preview Assets.xcassets in Resources */,
				CC0BE90E2A93E90A00E29099 /* Assets.xcassets in Resources */,
			);
			runOnlyForDeploymentPostprocessing = 0;
		};
		CC0BE9142A93E90A00E29099 /* Resources */ = {
			isa = PBXResourcesBuildPhase;
			buildActionMask = 2147483647;
			files = (
			);
			runOnlyForDeploymentPostprocessing = 0;
		};
		CC0BE91E2A93E90A00E29099 /* Resources */ = {
			isa = PBXResourcesBuildPhase;
			buildActionMask = 2147483647;
			files = (
			);
			runOnlyForDeploymentPostprocessing = 0;
		};
/* End PBXResourcesBuildPhase section */

/* Begin PBXSourcesBuildPhase section */
		CC0BE9022A93E90500E29099 /* Sources */ = {
			isa = PBXSourcesBuildPhase;
			buildActionMask = 2147483647;
			files = (
				CC0BE90C2A93E90500E29099 /* ContentView.swift in Sources */,
				CC0BE90A2A93E90500E29099 /* DIRawStarterApp.swift in Sources */,
			);
			runOnlyForDeploymentPostprocessing = 0;
		};
		CC0BE9122A93E90A00E29099 /* Sources */ = {
			isa = PBXSourcesBuildPhase;
			buildActionMask = 2147483647;
			files = (
				CC0BE91B2A93E90A00E29099 /* DIRawStarterTests.swift in Sources */,
			);
			runOnlyForDeploymentPostprocessing = 0;
		};
		CC0BE91C2A93E90A00E29099 /* Sources */ = {
			isa = PBXSourcesBuildPhase;
			buildActionMask = 2147483647;
			files = (
				CC0BE9272A93E90A00E29099 /* DIRawStarterUITestsLaunchTests.swift in Sources */,
				CC0BE9252A93E90A00E29099 /* DIRawStarterUITests.swift in Sources */,
			);
			runOnlyForDeploymentPostprocessing = 0;
		};
/* End PBXSourcesBuildPhase section */

/* Begin PBXTargetDependency section */
		CC0BE9182A93E90A00E29099 /* PBXTargetDependency */ = {
			isa = PBXTargetDependency;
			target = CC0BE9052A93E90500E29099 /* DIRawStarter */;
			targetProxy = CC0BE9172A93E90A00E29099 /* PBXContainerItemProxy */;
		};
		CC0BE9222A93E90A00E29099 /* PBXTargetDependency */ = {
			isa = PBXTargetDependency;
			target = CC0BE9052A93E90500E29099 /* DIRawStarter */;
			targetProxy = CC0BE9212A93E90A00E29099 /* PBXContainerItemProxy */;
		};
/* End PBXTargetDependency section */

/* Begin XCBuildConfiguration section */
		CC0BE9282A93E90A00E29099 /* Debug */ = {
			isa = XCBuildConfiguration;
			buildSettings = {
				ALWAYS_SEARCH_USER_PATHS = NO;
				ASSETCATALOG_COMPILER_GENERATE_SWIFT_ASSET_SYMBOL_EXTENSIONS = YES;
				CLANG_ANALYZER_NONNULL = YES;
				CLANG_ANALYZER_NUMBER_OBJECT_CONVERSION = YES_AGGRESSIVE;
				CLANG_CXX_LANGUAGE_STANDARD = "gnu++20";
				CLANG_ENABLE_MODULES = YES;
				CLANG_ENABLE_OBJC_ARC = YES;
				CLANG_ENABLE_OBJC_WEAK = YES;
				CLANG_WARN_BLOCK_CAPTURE_AUTORELEASING = YES;
				CLANG_WARN_BOOL_CONVERSION = YES;
				CLANG_WARN_COMMA = YES;
				CLANG_WARN_CONSTANT_CONVERSION = YES;
				CLANG_WARN_DEPRECATED_OBJC_IMPLEMENTATIONS = YES;
				CLANG_WARN_DIRECT_OBJC_ISA_USAGE = YES_ERROR;
				CLANG_WARN_DOCUMENTATION_COMMENTS = YES;
				CLANG_WARN_EMPTY_BODY = YES;
				CLANG_WARN_ENUM_CONVERSION = YES;
				CLANG_WARN_INFINITE_RECURSION = YES;
				CLANG_WARN_INT_CONVERSION = YES;
				CLANG_WARN_NON_LITERAL_NULL_CONVERSION = YES;
				CLANG_WARN_OBJC_IMPLICIT_RETAIN_SELF = YES;
				CLANG_WARN_OBJC_LITERAL_CONVERSION = YES;
				CLANG_WARN_OBJC_ROOT_CLASS = YES_ERROR;
				CLANG_WARN_QUOTED_INCLUDE_IN_FRAMEWORK_HEADER = YES;
				CLANG_WARN_RANGE_LOOP_ANALYSIS = YES;
				CLANG_WARN_STRICT_PROTOTYPES = YES;
				CLANG_WARN_SUSPICIOUS_MOVE = YES;
				CLANG_WARN_UNGUARDED_AVAILABILITY = YES_AGGRESSIVE;
				CLANG_WARN_UNREACHABLE_CODE = YES;
				CLANG_WARN__DUPLICATE_METHOD_MATCH = YES;
				COPY_PHASE_STRIP = NO;
				DEBUG_INFORMATION_FORMAT = dwarf;
				ENABLE_STRICT_OBJC_MSGSEND = YES;
				ENABLE_TESTABILITY = YES;
				ENABLE_USER_SCRIPT_SANDBOXING = YES;
				GCC_C_LANGUAGE_STANDARD = gnu17;
				GCC_DYNAMIC_NO_PIC = NO;
				GCC_NO_COMMON_BLOCKS = YES;
				GCC_OPTIMIZATION_LEVEL = 0;
				GCC_PREPROCESSOR_DEFINITIONS = (
					"DEBUG=1",
					"$(inherited)",
				);
				GCC_WARN_64_TO_32_BIT_CONVERSION = YES;
				GCC_WARN_ABOUT_RETURN_TYPE = YES_ERROR;
				GCC_WARN_UNDECLARED_SELECTOR = YES;
				GCC_WARN_UNINITIALIZED_AUTOS = YES_AGGRESSIVE;
				GCC_WARN_UNUSED_FUNCTION = YES;
				GCC_WARN_UNUSED_VARIABLE = YES;
				IPHONEOS_DEPLOYMENT_TARGET = 17.0;
				LOCALIZATION_PREFERS_STRING_CATALOGS = YES;
				MTL_ENABLE_DEBUG_INFO = INCLUDE_SOURCE;
				MTL_FAST_MATH = YES;
				ONLY_ACTIVE_ARCH = YES;
				SDKROOT = iphoneos;
				SWIFT_ACTIVE_COMPILATION_CONDITIONS = "DEBUG $(inherited)";
				SWIFT_OPTIMIZATION_LEVEL = "-Onone";
			};
			name = Debug;
		};
		CC0BE9292A93E90A00E29099 /* Release */ = {
			isa = XCBuildConfiguration;
			buildSettings = {
				ALWAYS_SEARCH_USER_PATHS = NO;
				ASSETCATALOG_COMPILER_GENERATE_SWIFT_ASSET_SYMBOL_EXTENSIONS = YES;
				CLANG_ANALYZER_NONNULL = YES;
				CLANG_ANALYZER_NUMBER_OBJECT_CONVERSION = YES_AGGRESSIVE;
				CLANG_CXX_LANGUAGE_STANDARD = "gnu++20";
				CLANG_ENABLE_MODULES = YES;
				CLANG_ENABLE_OBJC_ARC = YES;
				CLANG_ENABLE_OBJC_WEAK = YES;
				CLANG_WARN_BLOCK_CAPTURE_AUTORELEASING = YES;
				CLANG_WARN_BOOL_CONVERSION = YES;
				CLANG_WARN_COMMA = YES;
				CLANG_WARN_CONSTANT_CONVERSION = YES;
				CLANG_WARN_DEPRECATED_OBJC_IMPLEMENTATIONS = YES;
				CLANG_WARN_DIRECT_OBJC_ISA_USAGE = YES_ERROR;
				CLANG_WARN_DOCUMENTATION_COMMENTS = YES;
				CLANG_WARN_EMPTY_BODY = YES;
				CLANG_WARN_ENUM_CONVERSION = YES;
				CLANG_WARN_INFINITE_RECURSION = YES;
				CLANG_WARN_INT_CONVERSION = YES;
				CLANG_WARN_NON_LITERAL_NULL_CONVERSION = YES;
				CLANG_WARN_OBJC_IMPLICIT_RETAIN_SELF = YES;
				CLANG_WARN_OBJC_LITERAL_CONVERSION = YES;
				CLANG_WARN_OBJC_ROOT_CLASS = YES_ERROR;
				CLANG_WARN_QUOTED_INCLUDE_IN_FRAMEWORK_HEADER = YES;
				CLANG_WARN_RANGE_LOOP_ANALYSIS = YES;
				CLANG_WARN_STRICT_PROTOTYPES = YES;
				CLANG_WARN_SUSPICIOUS_MOVE = YES;
				CLANG_WARN_UNGUARDED_AVAILABILITY = YES_AGGRESSIVE;
				CLANG_WARN_UNREACHABLE_CODE = YES;
				CLANG_WARN__DUPLICATE_METHOD_MATCH = YES;
				COPY_PHASE_STRIP = NO;
				DEBUG_INFORMATION_FORMAT = "dwarf-with-dsym";
				ENABLE_NS_ASSERTIONS = NO;
				ENABLE_STRICT_OBJC_MSGSEND = YES;
				ENABLE_USER_SCRIPT_SANDBOXING = YES;
				GCC_C_LANGUAGE_STANDARD = gnu17;
				GCC_NO_COMMON_BLOCKS = YES;
				GCC_WARN_64_TO_32_BIT_CONVERSION = YES;
				GCC_WARN_ABOUT_RETURN_TYPE = YES_ERROR;
				GCC_WARN_UNDECLARED_SELECTOR = YES;
				GCC_WARN_UNINITIALIZED_AUTOS = YES_AGGRESSIVE;
				GCC_WARN_UNUSED_FUNCTION = YES;
				GCC_WARN_UNUSED_VARIABLE = YES;
				IPHONEOS_DEPLOYMENT_TARGET = 17.0;
				LOCALIZATION_PREFERS_STRING_CATALOGS = YES;
				MTL_ENABLE_DEBUG_INFO = NO;
				MTL_FAST_MATH = YES;
				SDKROOT = iphoneos;
				SWIFT_COMPILATION_MODE = wholemodule;
				VALIDATE_PRODUCT = YES;
			};
			name = Release;
		};
		CC0BE92B2A93E90A00E29099 /* Debug */ = {
			isa = XCBuildConfiguration;
			buildSettings = {
				ASSETCATALOG_COMPILER_APPICON_NAME = AppIcon;
				ASSETCATALOG_COMPILER_GLOBAL_ACCENT_COLOR_NAME = AccentColor;
				CODE_SIGN_STYLE = Automatic;
				CURRENT_PROJECT_VERSION = 1;
				DEVELOPMENT_ASSET_PATHS = "\"DIRawStarter/Preview Content\"";
				ENABLE_PREVIEWS = YES;
				GENERATE_INFOPLIST_FILE = YES;
				INFOPLIST_KEY_UIApplicationSceneManifest_Generation = YES;
				INFOPLIST_KEY_UIApplicationSupportsIndirectInputEvents = YES;
				INFOPLIST_KEY_UILaunchScreen_Generation = YES;
				INFOPLIST_KEY_UISupportedInterfaceOrientations_iPad = "UIInterfaceOrientationPortrait UIInterfaceOrientationPortraitUpsideDown UIInterfaceOrientationLandscapeLeft UIInterfaceOrientationLandscapeRight";
				INFOPLIST_KEY_UISupportedInterfaceOrientations_iPhone = "UIInterfaceOrientationPortrait UIInterfaceOrientationLandscapeLeft UIInterfaceOrientationLandscapeRight";
				LD_RUNPATH_SEARCH_PATHS = (
					"$(inherited)",
					"@executable_path/Frameworks",
				);
				MARKETING_VERSION = 1.0;
				PRODUCT_BUNDLE_IDENTIFIER = com.anton.shcherba.personal.DIRawStarter;
				PRODUCT_NAME = "$(TARGET_NAME)";
				SWIFT_EMIT_LOC_STRINGS = YES;
				SWIFT_VERSION = 5.0;
				TARGETED_DEVICE_FAMILY = "1,2";
			};
			name = Debug;
		};
		CC0BE92C2A93E90A00E29099 /* Release */ = {
			isa = XCBuildConfiguration;
			buildSettings = {
				ASSETCATALOG_COMPILER_APPICON_NAME = AppIcon;
				ASSETCATALOG_COMPILER_GLOBAL_ACCENT_COLOR_NAME = AccentColor;
				CODE_SIGN_STYLE = Automatic;
				CURRENT_PROJECT_VERSION = 1;
				DEVELOPMENT_ASSET_PATHS = "\"DIRawStarter/Preview Content\"";
				ENABLE_PREVIEWS = YES;
				GENERATE_INFOPLIST_FILE = YES;
				INFOPLIST_KEY_UIApplicationSceneManifest_Generation = YES;
				INFOPLIST_KEY_UIApplicationSupportsIndirectInputEvents = YES;
				INFOPLIST_KEY_UILaunchScreen_Generation = YES;
				INFOPLIST_KEY_UISupportedInterfaceOrientations_iPad = "UIInterfaceOrientationPortrait UIInterfaceOrientationPortraitUpsideDown UIInterfaceOrientationLandscapeLeft UIInterfaceOrientationLandscapeRight";
				INFOPLIST_KEY_UISupportedInterfaceOrientations_iPhone = "UIInterfaceOrientationPortrait UIInterfaceOrientationLandscapeLeft UIInterfaceOrientationLandscapeRight";
				LD_RUNPATH_SEARCH_PATHS = (
					"$(inherited)",
					"@executable_path/Frameworks",
				);
				MARKETING_VERSION = 1.0;
				PRODUCT_BUNDLE_IDENTIFIER = com.anton.shcherba.personal.DIRawStarter;
				PRODUCT_NAME = "$(TARGET_NAME)";
				SWIFT_EMIT_LOC_STRINGS = YES;
				SWIFT_VERSION = 5.0;
				TARGETED_DEVICE_FAMILY = "1,2";
			};
			name = Release;
		};
		CC0BE92E2A93E90A00E29099 /* Debug */ = {
			isa = XCBuildConfiguration;
			buildSettings = {
				ALWAYS_EMBED_SWIFT_STANDARD_LIBRARIES = YES;
				BUNDLE_LOADER = "$(TEST_HOST)";
				CODE_SIGN_STYLE = Automatic;
				CURRENT_PROJECT_VERSION = 1;
				GENERATE_INFOPLIST_FILE = YES;
				IPHONEOS_DEPLOYMENT_TARGET = 17.0;
				MARKETING_VERSION = 1.0;
				PRODUCT_BUNDLE_IDENTIFIER = com.anton.shcherba.personal.DIRawStarterTests;
				PRODUCT_NAME = "$(TARGET_NAME)";
				SWIFT_EMIT_LOC_STRINGS = NO;
				SWIFT_VERSION = 5.0;
				TARGETED_DEVICE_FAMILY = "1,2";
				TEST_HOST = "$(BUILT_PRODUCTS_DIR)/DIRawStarter.app/$(BUNDLE_EXECUTABLE_FOLDER_PATH)/DIRawStarter";
			};
			name = Debug;
		};
		CC0BE92F2A93E90A00E29099 /* Release */ = {
			isa = XCBuildConfiguration;
			buildSettings = {
				ALWAYS_EMBED_SWIFT_STANDARD_LIBRARIES = YES;
				BUNDLE_LOADER = "$(TEST_HOST)";
				CODE_SIGN_STYLE = Automatic;
				CURRENT_PROJECT_VERSION = 1;
				GENERATE_INFOPLIST_FILE = YES;
				IPHONEOS_DEPLOYMENT_TARGET = 17.0;
				MARKETING_VERSION = 1.0;
				PRODUCT_BUNDLE_IDENTIFIER = com.anton.shcherba.personal.DIRawStarterTests;
				PRODUCT_NAME = "$(TARGET_NAME)";
				SWIFT_EMIT_LOC_STRINGS = NO;
				SWIFT_VERSION = 5.0;
				TARGETED_DEVICE_FAMILY = "1,2";
				TEST_HOST = "$(BUILT_PRODUCTS_DIR)/DIRawStarter.app/$(BUNDLE_EXECUTABLE_FOLDER_PATH)/DIRawStarter";
			};
			name = Release;
		};
		CC0BE9312A93E90A00E29099 /* Debug */ = {
			isa = XCBuildConfiguration;
			buildSettings = {
				ALWAYS_EMBED_SWIFT_STANDARD_LIBRARIES = YES;
				CODE_SIGN_STYLE = Automatic;
				CURRENT_PROJECT_VERSION = 1;
				GENERATE_INFOPLIST_FILE = YES;
				MARKETING_VERSION = 1.0;
				PRODUCT_BUNDLE_IDENTIFIER = com.anton.shcherba.personal.DIRawStarterUITests;
				PRODUCT_NAME = "$(TARGET_NAME)";
				SWIFT_EMIT_LOC_STRINGS = NO;
				SWIFT_VERSION = 5.0;
				TARGETED_DEVICE_FAMILY = "1,2";
				TEST_TARGET_NAME = DIRawStarter;
			};
			name = Debug;
		};
		CC0BE9322A93E90A00E29099 /* Release */ = {
			isa = XCBuildConfiguration;
			buildSettings = {
				ALWAYS_EMBED_SWIFT_STANDARD_LIBRARIES = YES;
				CODE_SIGN_STYLE = Automatic;
				CURRENT_PROJECT_VERSION = 1;
				GENERATE_INFOPLIST_FILE = YES;
				MARKETING_VERSION = 1.0;
				PRODUCT_BUNDLE_IDENTIFIER = com.anton.shcherba.personal.DIRawStarterUITests;
				PRODUCT_NAME = "$(TARGET_NAME)";
				SWIFT_EMIT_LOC_STRINGS = NO;
				SWIFT_VERSION = 5.0;
				TARGETED_DEVICE_FAMILY = "1,2";
				TEST_TARGET_NAME = DIRawStarter;
			};
			name = Release;
		};
/* End XCBuildConfiguration section */

/* Begin XCConfigurationList section */
		CC0BE9012A93E90500E29099 /* Build configuration list for PBXProject "DIRawStarter" */ = {
			isa = XCConfigurationList;
			buildConfigurations = (
				CC0BE9282A93E90A00E29099 /* Debug */,
				CC0BE9292A93E90A00E29099 /* Release */,
			);
			defaultConfigurationIsVisible = 0;
			defaultConfigurationName = Release;
		};
		CC0BE92A2A93E90A00E29099 /* Build configuration list for PBXNativeTarget "DIRawStarter" */ = {
			isa = XCConfigurationList;
			buildConfigurations = (
				CC0BE92B2A93E90A00E29099 /* Debug */,
				CC0BE92C2A93E90A00E29099 /* Release */,
			);
			defaultConfigurationIsVisible = 0;
			defaultConfigurationName = Release;
		};
		CC0BE92D2A93E90A00E29099 /* Build configuration list for PBXNativeTarget "DIRawStarterTests" */ = {
			isa = XCConfigurationList;
			buildConfigurations = (
				CC0BE92E2A93E90A00E29099 /* Debug */,
				CC0BE92F2A93E90A00E29099 /* Release */,
			);
			defaultConfigurationIsVisible = 0;
			defaultConfigurationName = Release;
		};
		CC0BE9302A93E90A00E29099 /* Build configuration list for PBXNativeTarget "DIRawStarterUITests" */ = {
			isa = XCConfigurationList;
			buildConfigurations = (
				CC0BE9312A93E90A00E29099 /* Debug */,
				CC0BE9322A93E90A00E29099 /* Release */,
			);
			defaultConfigurationIsVisible = 0;
			defaultConfigurationName = Release;
		};
/* End XCConfigurationList section */
	};
	rootObject = CC0BE8FE2A93E90500E29099 /* Project object */;
}
